
Microsoft Visual Studio Solution File, Format Version 12.00
# Visual Studio Version 17
VisualStudioVersion = 17.1.32328.378
MinimumVisualStudioVersion = 10.0.40219.1
Project("{FAE04EC0-301F-11D3-BF4B-00C04F79EFBC}") = "NUnitTesting", "NUnitTesting.csproj", "{5922A16A-69BD-480A-92C6-BDD4E4AE953A}"
EndProject
Global
	GlobalSection(SolutionConfigurationPlatforms) = preSolution
		Debug|Any CPU = Debug|Any CPU
		Release|Any CPU = Release|Any CPU
	EndGlobalSection
	GlobalSection(ProjectConfigurationPlatforms) = postSolution
		{5922A16A-69BD-480A-92C6-BDD4E4AE953A}.Debug|Any CPU.ActiveCfg = Debug|Any CPU
		{5922A16A-69BD-480A-92C6-BDD4E4AE953A}.Debug|Any CPU.Build.0 = Debug|Any CPU
		{5922A16A-69BD-480A-92C6-BDD4E4AE953A}.Release|Any CPU.ActiveCfg = Release|Any CPU
		{5922A16A-69BD-480A-92C6-BDD4E4AE953A}.Release|Any CPU.Build.0 = Release|Any CPU
	EndGlobalSection
	GlobalSection(SolutionProperties) = preSolution
		HideSolutionNode = FALSE
	EndGlobalSection
	GlobalSection(ExtensibilityGlobals) = postSolution
		SolutionGuid = {4AB3285B-6429-4B79-A712-40BD8BD703EC}
	EndGlobalSection
EndGlobal
